// !$*UTF8*$!
{
	archiveVersion = 1;
	classes = {
	};
	objectVersion = 46;
	objects = {

/* Begin PBXBuildFile section */
		531167D9198AF47300A229FF /* AppModel.m in Sources */ = {isa = PBXBuildFile; fileRef = 531167D8198AF47300A229FF /* AppModel.m */; };
		533531B2198ABF920044F5F0 /* DashboardViewController.m in Sources */ = {isa = PBXBuildFile; fileRef = 533531B1198ABF920044F5F0 /* DashboardViewController.m */; };
		533531B5198ABFA80044F5F0 /* DashboardView.m in Sources */ = {isa = PBXBuildFile; fileRef = 533531B4198ABFA80044F5F0 /* DashboardView.m */; };
		5367C68519954649007D9F99 /* Polygon.m in Sources */ = {isa = PBXBuildFile; fileRef = 5367C68419954649007D9F99 /* Polygon.m */; };
		5367C68919954C18007D9F99 /* ValueLabel.m in Sources */ = {isa = PBXBuildFile; fileRef = 5367C68819954C18007D9F99 /* ValueLabel.m */; };
		536D3AE8198BB4B000FCEED0 /* LoginViewController.m in Sources */ = {isa = PBXBuildFile; fileRef = 536D3AE7198BB4B000FCEED0 /* LoginViewController.m */; };
		536D3AEC198BB4C500FCEED0 /* LoginView.m in Sources */ = {isa = PBXBuildFile; fileRef = 536D3AEB198BB4C500FCEED0 /* LoginView.m */; };
		536D3AEF198BC98300FCEED0 /* Arame-Thin.otf in Resources */ = {isa = PBXBuildFile; fileRef = 536D3AED198BC98300FCEED0 /* Arame-Thin.otf */; };
		536D3AF0198BC98300FCEED0 /* RODUScut300.otf in Resources */ = {isa = PBXBuildFile; fileRef = 536D3AEE198BC98300FCEED0 /* RODUScut300.otf */; };
		536D3AF5198BCEA100FCEED0 /* HelperFactory.m in Sources */ = {isa = PBXBuildFile; fileRef = 536D3AF4198BCEA100FCEED0 /* HelperFactory.m */; };
		536D3AF9198BDA3D00FCEED0 /* InputTextField.m in Sources */ = {isa = PBXBuildFile; fileRef = 536D3AF8198BDA3D00FCEED0 /* InputTextField.m */; };
		5389CE841993994F00043984 /* NewTrackingViewController.m in Sources */ = {isa = PBXBuildFile; fileRef = 5389CE831993994F00043984 /* NewTrackingViewController.m */; };
		5389CE871993995A00043984 /* NewTrackingView.m in Sources */ = {isa = PBXBuildFile; fileRef = 5389CE861993995A00043984 /* NewTrackingView.m */; };
		539761D8199418A40073A323 /* DatabaseService.m in Sources */ = {isa = PBXBuildFile; fileRef = 539761D7199418A40073A323 /* DatabaseService.m */; };
		53B2975B1999133300E9DF6F /* DecibelHUD.m in Sources */ = {isa = PBXBuildFile; fileRef = 53B2975A1999133300E9DF6F /* DecibelHUD.m */; };
		53B48D8C199AC0F100FA0102 /* IOKit.framework in Frameworks */ = {isa = PBXBuildFile; fileRef = 53B48D8B199AC0F100FA0102 /* IOKit.framework */; };
		53BE8D751993B1AD00DB1D26 /* TrackingViewController.m in Sources */ = {isa = PBXBuildFile; fileRef = 53BE8D741993B1AD00DB1D26 /* TrackingViewController.m */; };
		53BE8D781993B1B800DB1D26 /* TrackingView.m in Sources */ = {isa = PBXBuildFile; fileRef = 53BE8D771993B1B800DB1D26 /* TrackingView.m */; };
		53C90790199AB51400B25885 /* LuxHUD.m in Sources */ = {isa = PBXBuildFile; fileRef = 53C9078F199AB51400B25885 /* LuxHUD.m */; };
		53E09300198BF67200D98618 /* Label.m in Sources */ = {isa = PBXBuildFile; fileRef = 53E092FF198BF67200D98618 /* Label.m */; };
		53E09303198BF9E900D98618 /* Button.m in Sources */ = {isa = PBXBuildFile; fileRef = 53E09302198BF9E900D98618 /* Button.m */; };
		53F38AA2198A8A88002BAA3F /* Foundation.framework in Frameworks */ = {isa = PBXBuildFile; fileRef = 53F38AA1198A8A88002BAA3F /* Foundation.framework */; };
		53F38AA4198A8A88002BAA3F /* CoreGraphics.framework in Frameworks */ = {isa = PBXBuildFile; fileRef = 53F38AA3198A8A88002BAA3F /* CoreGraphics.framework */; };
		53F38AA6198A8A88002BAA3F /* UIKit.framework in Frameworks */ = {isa = PBXBuildFile; fileRef = 53F38AA5198A8A88002BAA3F /* UIKit.framework */; };
		53F38AAC198A8A88002BAA3F /* InfoPlist.strings in Resources */ = {isa = PBXBuildFile; fileRef = 53F38AAA198A8A88002BAA3F /* InfoPlist.strings */; };
		53F38AAE198A8A88002BAA3F /* main.m in Sources */ = {isa = PBXBuildFile; fileRef = 53F38AAD198A8A88002BAA3F /* main.m */; };
		53F38AB2198A8A88002BAA3F /* AppDelegate.m in Sources */ = {isa = PBXBuildFile; fileRef = 53F38AB1198A8A88002BAA3F /* AppDelegate.m */; };
		53F38AB4198A8A88002BAA3F /* Images.xcassets in Resources */ = {isa = PBXBuildFile; fileRef = 53F38AB3198A8A88002BAA3F /* Images.xcassets */; };
		53F38ABB198A8A88002BAA3F /* XCTest.framework in Frameworks */ = {isa = PBXBuildFile; fileRef = 53F38ABA198A8A88002BAA3F /* XCTest.framework */; };
		53F38ABC198A8A88002BAA3F /* Foundation.framework in Frameworks */ = {isa = PBXBuildFile; fileRef = 53F38AA1198A8A88002BAA3F /* Foundation.framework */; };
		53F38ABD198A8A88002BAA3F /* UIKit.framework in Frameworks */ = {isa = PBXBuildFile; fileRef = 53F38AA5198A8A88002BAA3F /* UIKit.framework */; };
		53F38AC5198A8A88002BAA3F /* InfoPlist.strings in Resources */ = {isa = PBXBuildFile; fileRef = 53F38AC3198A8A88002BAA3F /* InfoPlist.strings */; };
		53F38AC7198A8A88002BAA3F /* stealthtrackerTests.m in Sources */ = {isa = PBXBuildFile; fileRef = 53F38AC6198A8A88002BAA3F /* stealthtrackerTests.m */; };
		53F38AD5198A94EC002BAA3F /* NavigationController.m in Sources */ = {isa = PBXBuildFile; fileRef = 53F38AD4198A94EC002BAA3F /* NavigationController.m */; };
		53F9CF3719951B48009DBB75 /* SkirmDO.m in Sources */ = {isa = PBXBuildFile; fileRef = 53F9CF3619951B48009DBB75 /* SkirmDO.m */; };
		53F9CF3A19951C33009DBB75 /* DOFactory.m in Sources */ = {isa = PBXBuildFile; fileRef = 53F9CF3919951C33009DBB75 /* DOFactory.m */; };
		F98F4C007CAE4CD3A2D8CC06 /* libPods.a in Frameworks */ = {isa = PBXBuildFile; fileRef = 65CDB2D05EAC4932BC70D3F1 /* libPods.a */; };
/* End PBXBuildFile section */

/* Begin PBXContainerItemProxy section */
		53F38ABE198A8A88002BAA3F /* PBXContainerItemProxy */ = {
			isa = PBXContainerItemProxy;
			containerPortal = 53F38A96198A8A88002BAA3F /* Project object */;
			proxyType = 1;
			remoteGlobalIDString = 53F38A9D198A8A88002BAA3F;
			remoteInfo = stealthtracker;
		};
/* End PBXContainerItemProxy section */

/* Begin PBXFileReference section */
		0A421B7E88DF47D7A4308232 /* Pods.xcconfig */ = {isa = PBXFileReference; includeInIndex = 1; lastKnownFileType = text.xcconfig; name = Pods.xcconfig; path = Pods/Pods.xcconfig; sourceTree = "<group>"; };
		531167D7198AF47300A229FF /* AppModel.h */ = {isa = PBXFileReference; fileEncoding = 4; lastKnownFileType = sourcecode.c.h; path = AppModel.h; sourceTree = "<group>"; };
		531167D8198AF47300A229FF /* AppModel.m */ = {isa = PBXFileReference; fileEncoding = 4; lastKnownFileType = sourcecode.c.objc; path = AppModel.m; sourceTree = "<group>"; };
		533531B0198ABF920044F5F0 /* DashboardViewController.h */ = {isa = PBXFileReference; fileEncoding = 4; lastKnownFileType = sourcecode.c.h; path = DashboardViewController.h; sourceTree = "<group>"; };
		533531B1198ABF920044F5F0 /* DashboardViewController.m */ = {isa = PBXFileReference; fileEncoding = 4; lastKnownFileType = sourcecode.c.objc; path = DashboardViewController.m; sourceTree = "<group>"; };
		533531B3198ABFA80044F5F0 /* DashboardView.h */ = {isa = PBXFileReference; fileEncoding = 4; lastKnownFileType = sourcecode.c.h; path = DashboardView.h; sourceTree = "<group>"; };
		533531B4198ABFA80044F5F0 /* DashboardView.m */ = {isa = PBXFileReference; fileEncoding = 4; lastKnownFileType = sourcecode.c.objc; path = DashboardView.m; sourceTree = "<group>"; };
		5367C68319954649007D9F99 /* Polygon.h */ = {isa = PBXFileReference; fileEncoding = 4; lastKnownFileType = sourcecode.c.h; path = Polygon.h; sourceTree = "<group>"; };
		5367C68419954649007D9F99 /* Polygon.m */ = {isa = PBXFileReference; fileEncoding = 4; lastKnownFileType = sourcecode.c.objc; path = Polygon.m; sourceTree = "<group>"; };
		5367C68719954C18007D9F99 /* ValueLabel.h */ = {isa = PBXFileReference; fileEncoding = 4; lastKnownFileType = sourcecode.c.h; path = ValueLabel.h; sourceTree = "<group>"; };
		5367C68819954C18007D9F99 /* ValueLabel.m */ = {isa = PBXFileReference; fileEncoding = 4; lastKnownFileType = sourcecode.c.objc; path = ValueLabel.m; sourceTree = "<group>"; };
		536D3AE6198BB4B000FCEED0 /* LoginViewController.h */ = {isa = PBXFileReference; fileEncoding = 4; lastKnownFileType = sourcecode.c.h; path = LoginViewController.h; sourceTree = "<group>"; };
		536D3AE7198BB4B000FCEED0 /* LoginViewController.m */ = {isa = PBXFileReference; fileEncoding = 4; lastKnownFileType = sourcecode.c.objc; path = LoginViewController.m; sourceTree = "<group>"; };
		536D3AEA198BB4C500FCEED0 /* LoginView.h */ = {isa = PBXFileReference; fileEncoding = 4; lastKnownFileType = sourcecode.c.h; path = LoginView.h; sourceTree = "<group>"; };
		536D3AEB198BB4C500FCEED0 /* LoginView.m */ = {isa = PBXFileReference; fileEncoding = 4; lastKnownFileType = sourcecode.c.objc; path = LoginView.m; sourceTree = "<group>"; };
		536D3AED198BC98300FCEED0 /* Arame-Thin.otf */ = {isa = PBXFileReference; lastKnownFileType = file; name = "Arame-Thin.otf"; path = "resources/fonts/Arame-Thin.otf"; sourceTree = "<group>"; };
		536D3AEE198BC98300FCEED0 /* RODUScut300.otf */ = {isa = PBXFileReference; lastKnownFileType = file; name = RODUScut300.otf; path = resources/fonts/RODUScut300.otf; sourceTree = "<group>"; };
		536D3AF3198BCEA100FCEED0 /* HelperFactory.h */ = {isa = PBXFileReference; fileEncoding = 4; lastKnownFileType = sourcecode.c.h; path = HelperFactory.h; sourceTree = "<group>"; };
		536D3AF4198BCEA100FCEED0 /* HelperFactory.m */ = {isa = PBXFileReference; fileEncoding = 4; lastKnownFileType = sourcecode.c.objc; path = HelperFactory.m; sourceTree = "<group>"; };
		536D3AF7198BDA3D00FCEED0 /* InputTextField.h */ = {isa = PBXFileReference; fileEncoding = 4; lastKnownFileType = sourcecode.c.h; path = InputTextField.h; sourceTree = "<group>"; };
		536D3AF8198BDA3D00FCEED0 /* InputTextField.m */ = {isa = PBXFileReference; fileEncoding = 4; lastKnownFileType = sourcecode.c.objc; path = InputTextField.m; sourceTree = "<group>"; };
		5389CE821993994F00043984 /* NewTrackingViewController.h */ = {isa = PBXFileReference; fileEncoding = 4; lastKnownFileType = sourcecode.c.h; path = NewTrackingViewController.h; sourceTree = "<group>"; };
		5389CE831993994F00043984 /* NewTrackingViewController.m */ = {isa = PBXFileReference; fileEncoding = 4; lastKnownFileType = sourcecode.c.objc; path = NewTrackingViewController.m; sourceTree = "<group>"; };
		5389CE851993995A00043984 /* NewTrackingView.h */ = {isa = PBXFileReference; fileEncoding = 4; lastKnownFileType = sourcecode.c.h; path = NewTrackingView.h; sourceTree = "<group>"; };
		5389CE861993995A00043984 /* NewTrackingView.m */ = {isa = PBXFileReference; fileEncoding = 4; lastKnownFileType = sourcecode.c.objc; path = NewTrackingView.m; sourceTree = "<group>"; };
		539761D6199418A40073A323 /* DatabaseService.h */ = {isa = PBXFileReference; fileEncoding = 4; lastKnownFileType = sourcecode.c.h; path = DatabaseService.h; sourceTree = "<group>"; };
		539761D7199418A40073A323 /* DatabaseService.m */ = {isa = PBXFileReference; fileEncoding = 4; lastKnownFileType = sourcecode.c.objc; path = DatabaseService.m; sourceTree = "<group>"; };
		53B297591999133300E9DF6F /* DecibelHUD.h */ = {isa = PBXFileReference; fileEncoding = 4; lastKnownFileType = sourcecode.c.h; path = DecibelHUD.h; sourceTree = "<group>"; };
		53B2975A1999133300E9DF6F /* DecibelHUD.m */ = {isa = PBXFileReference; fileEncoding = 4; lastKnownFileType = sourcecode.c.objc; path = DecibelHUD.m; sourceTree = "<group>"; };
		53B48D8B199AC0F100FA0102 /* IOKit.framework */ = {isa = PBXFileReference; lastKnownFileType = wrapper.framework; name = IOKit.framework; path = System/Library/Frameworks/IOKit.framework; sourceTree = SDKROOT; };
		53BE8D731993B1AD00DB1D26 /* TrackingViewController.h */ = {isa = PBXFileReference; fileEncoding = 4; lastKnownFileType = sourcecode.c.h; path = TrackingViewController.h; sourceTree = "<group>"; };
		53BE8D741993B1AD00DB1D26 /* TrackingViewController.m */ = {isa = PBXFileReference; fileEncoding = 4; lastKnownFileType = sourcecode.c.objc; path = TrackingViewController.m; sourceTree = "<group>"; };
		53BE8D761993B1B800DB1D26 /* TrackingView.h */ = {isa = PBXFileReference; fileEncoding = 4; lastKnownFileType = sourcecode.c.h; path = TrackingView.h; sourceTree = "<group>"; };
		53BE8D771993B1B800DB1D26 /* TrackingView.m */ = {isa = PBXFileReference; fileEncoding = 4; lastKnownFileType = sourcecode.c.objc; path = TrackingView.m; sourceTree = "<group>"; };
		53C9078E199AB51400B25885 /* LuxHUD.h */ = {isa = PBXFileReference; fileEncoding = 4; lastKnownFileType = sourcecode.c.h; path = LuxHUD.h; sourceTree = "<group>"; };
		53C9078F199AB51400B25885 /* LuxHUD.m */ = {isa = PBXFileReference; fileEncoding = 4; lastKnownFileType = sourcecode.c.objc; path = LuxHUD.m; sourceTree = "<group>"; };
		53E092FE198BF67200D98618 /* Label.h */ = {isa = PBXFileReference; fileEncoding = 4; lastKnownFileType = sourcecode.c.h; path = Label.h; sourceTree = "<group>"; };
		53E092FF198BF67200D98618 /* Label.m */ = {isa = PBXFileReference; fileEncoding = 4; lastKnownFileType = sourcecode.c.objc; path = Label.m; sourceTree = "<group>"; };
		53E09301198BF9E900D98618 /* Button.h */ = {isa = PBXFileReference; fileEncoding = 4; lastKnownFileType = sourcecode.c.h; path = Button.h; sourceTree = "<group>"; };
		53E09302198BF9E900D98618 /* Button.m */ = {isa = PBXFileReference; fileEncoding = 4; lastKnownFileType = sourcecode.c.objc; path = Button.m; sourceTree = "<group>"; };
		53F38A9E198A8A88002BAA3F /* stealthtracker.app */ = {isa = PBXFileReference; explicitFileType = wrapper.application; includeInIndex = 0; path = stealthtracker.app; sourceTree = BUILT_PRODUCTS_DIR; };
		53F38AA1198A8A88002BAA3F /* Foundation.framework */ = {isa = PBXFileReference; lastKnownFileType = wrapper.framework; name = Foundation.framework; path = System/Library/Frameworks/Foundation.framework; sourceTree = SDKROOT; };
		53F38AA3198A8A88002BAA3F /* CoreGraphics.framework */ = {isa = PBXFileReference; lastKnownFileType = wrapper.framework; name = CoreGraphics.framework; path = System/Library/Frameworks/CoreGraphics.framework; sourceTree = SDKROOT; };
		53F38AA5198A8A88002BAA3F /* UIKit.framework */ = {isa = PBXFileReference; lastKnownFileType = wrapper.framework; name = UIKit.framework; path = System/Library/Frameworks/UIKit.framework; sourceTree = SDKROOT; };
		53F38AA9198A8A88002BAA3F /* stealthtracker-Info.plist */ = {isa = PBXFileReference; lastKnownFileType = text.plist.xml; path = "stealthtracker-Info.plist"; sourceTree = "<group>"; };
		53F38AAB198A8A88002BAA3F /* en */ = {isa = PBXFileReference; lastKnownFileType = text.plist.strings; name = en; path = en.lproj/InfoPlist.strings; sourceTree = "<group>"; };
		53F38AAD198A8A88002BAA3F /* main.m */ = {isa = PBXFileReference; lastKnownFileType = sourcecode.c.objc; path = main.m; sourceTree = "<group>"; };
		53F38AAF198A8A88002BAA3F /* stealthtracker-Prefix.pch */ = {isa = PBXFileReference; lastKnownFileType = sourcecode.c.h; path = "stealthtracker-Prefix.pch"; sourceTree = "<group>"; };
		53F38AB0198A8A88002BAA3F /* AppDelegate.h */ = {isa = PBXFileReference; lastKnownFileType = sourcecode.c.h; path = AppDelegate.h; sourceTree = "<group>"; };
		53F38AB1198A8A88002BAA3F /* AppDelegate.m */ = {isa = PBXFileReference; lastKnownFileType = sourcecode.c.objc; path = AppDelegate.m; sourceTree = "<group>"; };
		53F38AB3198A8A88002BAA3F /* Images.xcassets */ = {isa = PBXFileReference; lastKnownFileType = folder.assetcatalog; path = Images.xcassets; sourceTree = "<group>"; };
		53F38AB9198A8A88002BAA3F /* stealthtrackerTests.xctest */ = {isa = PBXFileReference; explicitFileType = wrapper.cfbundle; includeInIndex = 0; path = stealthtrackerTests.xctest; sourceTree = BUILT_PRODUCTS_DIR; };
		53F38ABA198A8A88002BAA3F /* XCTest.framework */ = {isa = PBXFileReference; lastKnownFileType = wrapper.framework; name = XCTest.framework; path = Library/Frameworks/XCTest.framework; sourceTree = DEVELOPER_DIR; };
		53F38AC2198A8A88002BAA3F /* stealthtrackerTests-Info.plist */ = {isa = PBXFileReference; lastKnownFileType = text.plist.xml; path = "stealthtrackerTests-Info.plist"; sourceTree = "<group>"; };
		53F38AC4198A8A88002BAA3F /* en */ = {isa = PBXFileReference; lastKnownFileType = text.plist.strings; name = en; path = en.lproj/InfoPlist.strings; sourceTree = "<group>"; };
		53F38AC6198A8A88002BAA3F /* stealthtrackerTests.m */ = {isa = PBXFileReference; lastKnownFileType = sourcecode.c.objc; path = stealthtrackerTests.m; sourceTree = "<group>"; };
		53F38AD3198A94EC002BAA3F /* NavigationController.h */ = {isa = PBXFileReference; fileEncoding = 4; lastKnownFileType = sourcecode.c.h; path = NavigationController.h; sourceTree = "<group>"; };
		53F38AD4198A94EC002BAA3F /* NavigationController.m */ = {isa = PBXFileReference; fileEncoding = 4; lastKnownFileType = sourcecode.c.objc; path = NavigationController.m; sourceTree = "<group>"; };
		53F9CF3519951B48009DBB75 /* SkirmDO.h */ = {isa = PBXFileReference; fileEncoding = 4; lastKnownFileType = sourcecode.c.h; path = SkirmDO.h; sourceTree = "<group>"; };
		53F9CF3619951B48009DBB75 /* SkirmDO.m */ = {isa = PBXFileReference; fileEncoding = 4; lastKnownFileType = sourcecode.c.objc; path = SkirmDO.m; sourceTree = "<group>"; };
		53F9CF3819951C33009DBB75 /* DOFactory.h */ = {isa = PBXFileReference; fileEncoding = 4; lastKnownFileType = sourcecode.c.h; path = DOFactory.h; sourceTree = "<group>"; };
		53F9CF3919951C33009DBB75 /* DOFactory.m */ = {isa = PBXFileReference; fileEncoding = 4; lastKnownFileType = sourcecode.c.objc; path = DOFactory.m; sourceTree = "<group>"; };
		65CDB2D05EAC4932BC70D3F1 /* libPods.a */ = {isa = PBXFileReference; explicitFileType = archive.ar; includeInIndex = 0; path = libPods.a; sourceTree = BUILT_PRODUCTS_DIR; };
/* End PBXFileReference section */

/* Begin PBXFrameworksBuildPhase section */
		53F38A9B198A8A88002BAA3F /* Frameworks */ = {
			isa = PBXFrameworksBuildPhase;
			buildActionMask = 2147483647;
			files = (
				53B48D8C199AC0F100FA0102 /* IOKit.framework in Frameworks */,
				53F38AA4198A8A88002BAA3F /* CoreGraphics.framework in Frameworks */,
				53F38AA6198A8A88002BAA3F /* UIKit.framework in Frameworks */,
				53F38AA2198A8A88002BAA3F /* Foundation.framework in Frameworks */,
				F98F4C007CAE4CD3A2D8CC06 /* libPods.a in Frameworks */,
			);
			runOnlyForDeploymentPostprocessing = 0;
		};
		53F38AB6198A8A88002BAA3F /* Frameworks */ = {
			isa = PBXFrameworksBuildPhase;
			buildActionMask = 2147483647;
			files = (
				53F38ABB198A8A88002BAA3F /* XCTest.framework in Frameworks */,
				53F38ABD198A8A88002BAA3F /* UIKit.framework in Frameworks */,
				53F38ABC198A8A88002BAA3F /* Foundation.framework in Frameworks */,
			);
			runOnlyForDeploymentPostprocessing = 0;
		};
/* End PBXFrameworksBuildPhase section */

/* Begin PBXGroup section */
		533531AF198ABF5C0044F5F0 /* Dashboard */ = {
			isa = PBXGroup;
			children = (
				533531B0198ABF920044F5F0 /* DashboardViewController.h */,
				533531B1198ABF920044F5F0 /* DashboardViewController.m */,
				533531B3198ABFA80044F5F0 /* DashboardView.h */,
				533531B4198ABFA80044F5F0 /* DashboardView.m */,
			);
			name = Dashboard;
			sourceTree = "<group>";
		};
		5367C68619954860007D9F99 /* Default */ = {
			isa = PBXGroup;
			children = (
				53E092FE198BF67200D98618 /* Label.h */,
				53E092FF198BF67200D98618 /* Label.m */,
				53E09301198BF9E900D98618 /* Button.h */,
				53E09302198BF9E900D98618 /* Button.m */,
				5367C68719954C18007D9F99 /* ValueLabel.h */,
				5367C68819954C18007D9F99 /* ValueLabel.m */,
			);
			name = Default;
			sourceTree = "<group>";
		};
		536D3AE9198BB4B600FCEED0 /* Login */ = {
			isa = PBXGroup;
			children = (
				536D3AE6198BB4B000FCEED0 /* LoginViewController.h */,
				536D3AE7198BB4B000FCEED0 /* LoginViewController.m */,
				536D3AEA198BB4C500FCEED0 /* LoginView.h */,
				536D3AEB198BB4C500FCEED0 /* LoginView.m */,
			);
			name = Login;
			sourceTree = "<group>";
		};
		536D3AF1198BC99000FCEED0 /* Fonts */ = {
			isa = PBXGroup;
			children = (
				536D3AED198BC98300FCEED0 /* Arame-Thin.otf */,
				536D3AEE198BC98300FCEED0 /* RODUScut300.otf */,
			);
			name = Fonts;
			sourceTree = "<group>";
		};
		536D3AF2198BCE8C00FCEED0 /* Factory */ = {
			isa = PBXGroup;
			children = (
				53F9CF3419951AD6009DBB75 /* Data Object */,
				536D3AF3198BCEA100FCEED0 /* HelperFactory.h */,
				536D3AF4198BCEA100FCEED0 /* HelperFactory.m */,
				53F9CF3819951C33009DBB75 /* DOFactory.h */,
				53F9CF3919951C33009DBB75 /* DOFactory.m */,
			);
			name = Factory;
			sourceTree = "<group>";
		};
		536D3AF6198BDA1D00FCEED0 /* Form */ = {
			isa = PBXGroup;
			children = (
				536D3AF7198BDA3D00FCEED0 /* InputTextField.h */,
				536D3AF8198BDA3D00FCEED0 /* InputTextField.m */,
			);
			name = Form;
			sourceTree = "<group>";
		};
		5389CE811993993700043984 /* Start Tracking */ = {
			isa = PBXGroup;
			children = (
				5389CE821993994F00043984 /* NewTrackingViewController.h */,
				5389CE831993994F00043984 /* NewTrackingViewController.m */,
				5389CE851993995A00043984 /* NewTrackingView.h */,
				5389CE861993995A00043984 /* NewTrackingView.m */,
			);
			name = "Start Tracking";
			sourceTree = "<group>";
		};
		539761D5199417EC0073A323 /* Service */ = {
			isa = PBXGroup;
			children = (
				539761D6199418A40073A323 /* DatabaseService.h */,
				539761D7199418A40073A323 /* DatabaseService.m */,
			);
			name = Service;
			sourceTree = "<group>";
		};
		53BE8D721993B11D00DB1D26 /* Tracking */ = {
			isa = PBXGroup;
			children = (
				53BE8D731993B1AD00DB1D26 /* TrackingViewController.h */,
				53BE8D741993B1AD00DB1D26 /* TrackingViewController.m */,
				53BE8D761993B1B800DB1D26 /* TrackingView.h */,
				53BE8D771993B1B800DB1D26 /* TrackingView.m */,
			);
			name = Tracking;
			sourceTree = "<group>";
		};
		53BE8D791993B29300DB1D26 /* HUD */ = {
			isa = PBXGroup;
			children = (
				5367C68319954649007D9F99 /* Polygon.h */,
				5367C68419954649007D9F99 /* Polygon.m */,
				53B297591999133300E9DF6F /* DecibelHUD.h */,
				53B2975A1999133300E9DF6F /* DecibelHUD.m */,
				53C9078E199AB51400B25885 /* LuxHUD.h */,
				53C9078F199AB51400B25885 /* LuxHUD.m */,
			);
			name = HUD;
			sourceTree = "<group>";
		};
		53F38A95198A8A88002BAA3F = {
			isa = PBXGroup;
			children = (
				536D3AF1198BC99000FCEED0 /* Fonts */,
				53F38AA7198A8A88002BAA3F /* stealthtracker */,
				53F38AC0198A8A88002BAA3F /* stealthtrackerTests */,
				53F38AA0198A8A88002BAA3F /* Frameworks */,
				53F38A9F198A8A88002BAA3F /* Products */,
				0A421B7E88DF47D7A4308232 /* Pods.xcconfig */,
			);
			sourceTree = "<group>";
		};
		53F38A9F198A8A88002BAA3F /* Products */ = {
			isa = PBXGroup;
			children = (
				53F38A9E198A8A88002BAA3F /* stealthtracker.app */,
				53F38AB9198A8A88002BAA3F /* stealthtrackerTests.xctest */,
			);
			name = Products;
			sourceTree = "<group>";
		};
		53F38AA0198A8A88002BAA3F /* Frameworks */ = {
			isa = PBXGroup;
			children = (
				53B48D8B199AC0F100FA0102 /* IOKit.framework */,
				53F38AA1198A8A88002BAA3F /* Foundation.framework */,
				53F38AA3198A8A88002BAA3F /* CoreGraphics.framework */,
				53F38AA5198A8A88002BAA3F /* UIKit.framework */,
				53F38ABA198A8A88002BAA3F /* XCTest.framework */,
				65CDB2D05EAC4932BC70D3F1 /* libPods.a */,
			);
			name = Frameworks;
			sourceTree = "<group>";
		};
		53F38AA7198A8A88002BAA3F /* stealthtracker */ = {
			isa = PBXGroup;
			children = (
				53F38AD2198A92AA002BAA3F /* Application */,
				53F38AB0198A8A88002BAA3F /* AppDelegate.h */,
				53F38AB1198A8A88002BAA3F /* AppDelegate.m */,
				53F38AB3198A8A88002BAA3F /* Images.xcassets */,
				53F38AA8198A8A88002BAA3F /* Supporting Files */,
			);
			path = stealthtracker;
			sourceTree = "<group>";
		};
		53F38AA8198A8A88002BAA3F /* Supporting Files */ = {
			isa = PBXGroup;
			children = (
				53F38AA9198A8A88002BAA3F /* stealthtracker-Info.plist */,
				53F38AAA198A8A88002BAA3F /* InfoPlist.strings */,
				53F38AAD198A8A88002BAA3F /* main.m */,
				53F38AAF198A8A88002BAA3F /* stealthtracker-Prefix.pch */,
			);
			name = "Supporting Files";
			sourceTree = "<group>";
		};
		53F38AC0198A8A88002BAA3F /* stealthtrackerTests */ = {
			isa = PBXGroup;
			children = (
				53F38AC6198A8A88002BAA3F /* stealthtrackerTests.m */,
				53F38AC1198A8A88002BAA3F /* Supporting Files */,
			);
			path = stealthtrackerTests;
			sourceTree = "<group>";
		};
		53F38AC1198A8A88002BAA3F /* Supporting Files */ = {
			isa = PBXGroup;
			children = (
				53F38AC2198A8A88002BAA3F /* stealthtrackerTests-Info.plist */,
				53F38AC3198A8A88002BAA3F /* InfoPlist.strings */,
			);
			name = "Supporting Files";
			sourceTree = "<group>";
		};
		53F38AD0198A9276002BAA3F /* Model */ = {
			isa = PBXGroup;
			children = (
				531167D7198AF47300A229FF /* AppModel.h */,
				531167D8198AF47300A229FF /* AppModel.m */,
			);
			name = Model;
			sourceTree = "<group>";
		};
		53F38AD1198A927C002BAA3F /* View */ = {
			isa = PBXGroup;
			children = (
				53BE8D721993B11D00DB1D26 /* Tracking */,
				5389CE811993993700043984 /* Start Tracking */,
				533531AF198ABF5C0044F5F0 /* Dashboard */,
				536D3AE9198BB4B600FCEED0 /* Login */,
			);
			name = View;
			sourceTree = "<group>";
		};
		53F38AD2198A92AA002BAA3F /* Application */ = {
			isa = PBXGroup;
			children = (
				539761D5199417EC0073A323 /* Service */,
				536D3AF2198BCE8C00FCEED0 /* Factory */,
				53F38AD6198A95C3002BAA3F /* Components */,
				53F38AD3198A94EC002BAA3F /* NavigationController.h */,
				53F38AD4198A94EC002BAA3F /* NavigationController.m */,
				53F38AD1198A927C002BAA3F /* View */,
				53F38AD0198A9276002BAA3F /* Model */,
			);
			name = Application;
			sourceTree = "<group>";
		};
		53F38AD6198A95C3002BAA3F /* Components */ = {
			isa = PBXGroup;
			children = (
				5367C68619954860007D9F99 /* Default */,
				53BE8D791993B29300DB1D26 /* HUD */,
				536D3AF6198BDA1D00FCEED0 /* Form */,
			);
			name = Components;
			sourceTree = "<group>";
		};
		53F9CF3419951AD6009DBB75 /* Data Object */ = {
			isa = PBXGroup;
			children = (
				53F9CF3519951B48009DBB75 /* SkirmDO.h */,
				53F9CF3619951B48009DBB75 /* SkirmDO.m */,
			);
			name = "Data Object";
			sourceTree = "<group>";
		};
/* End PBXGroup section */

/* Begin PBXNativeTarget section */
		53F38A9D198A8A88002BAA3F /* stealthtracker */ = {
			isa = PBXNativeTarget;
			buildConfigurationList = 53F38ACA198A8A88002BAA3F /* Build configuration list for PBXNativeTarget "stealthtracker" */;
			buildPhases = (
				DF6B8083F6324E65A48A2516 /* Check Pods Manifest.lock */,
				53F38A9A198A8A88002BAA3F /* Sources */,
				53F38A9B198A8A88002BAA3F /* Frameworks */,
				53F38A9C198A8A88002BAA3F /* Resources */,
				40C27A9D595849C2A06B1282 /* Copy Pods Resources */,
			);
			buildRules = (
			);
			dependencies = (
			);
			name = stealthtracker;
			productName = stealthtracker;
			productReference = 53F38A9E198A8A88002BAA3F /* stealthtracker.app */;
			productType = "com.apple.product-type.application";
		};
		53F38AB8198A8A88002BAA3F /* stealthtrackerTests */ = {
			isa = PBXNativeTarget;
			buildConfigurationList = 53F38ACD198A8A88002BAA3F /* Build configuration list for PBXNativeTarget "stealthtrackerTests" */;
			buildPhases = (
				53F38AB5198A8A88002BAA3F /* Sources */,
				53F38AB6198A8A88002BAA3F /* Frameworks */,
				53F38AB7198A8A88002BAA3F /* Resources */,
			);
			buildRules = (
			);
			dependencies = (
				53F38ABF198A8A88002BAA3F /* PBXTargetDependency */,
			);
			name = stealthtrackerTests;
			productName = stealthtrackerTests;
			productReference = 53F38AB9198A8A88002BAA3F /* stealthtrackerTests.xctest */;
			productType = "com.apple.product-type.bundle.unit-test";
		};
/* End PBXNativeTarget section */

/* Begin PBXProject section */
		53F38A96198A8A88002BAA3F /* Project object */ = {
			isa = PBXProject;
			attributes = {
				LastUpgradeCheck = 0510;
				ORGANIZATIONNAME = Devine;
				TargetAttributes = {
					53F38A9D198A8A88002BAA3F = {
						DevelopmentTeam = 9RZW73LTB7;
					};
					53F38AB8198A8A88002BAA3F = {
						TestTargetID = 53F38A9D198A8A88002BAA3F;
					};
				};
			};
			buildConfigurationList = 53F38A99198A8A88002BAA3F /* Build configuration list for PBXProject "stealthtracker" */;
			compatibilityVersion = "Xcode 3.2";
			developmentRegion = English;
			hasScannedForEncodings = 0;
			knownRegions = (
				en,
			);
			mainGroup = 53F38A95198A8A88002BAA3F;
			productRefGroup = 53F38A9F198A8A88002BAA3F /* Products */;
			projectDirPath = "";
			projectRoot = "";
			targets = (
				53F38A9D198A8A88002BAA3F /* stealthtracker */,
				53F38AB8198A8A88002BAA3F /* stealthtrackerTests */,
			);
		};
/* End PBXProject section */

/* Begin PBXResourcesBuildPhase section */
		53F38A9C198A8A88002BAA3F /* Resources */ = {
			isa = PBXResourcesBuildPhase;
			buildActionMask = 2147483647;
			files = (
				53F38AAC198A8A88002BAA3F /* InfoPlist.strings in Resources */,
				53F38AB4198A8A88002BAA3F /* Images.xcassets in Resources */,
				536D3AF0198BC98300FCEED0 /* RODUScut300.otf in Resources */,
				536D3AEF198BC98300FCEED0 /* Arame-Thin.otf in Resources */,
			);
			runOnlyForDeploymentPostprocessing = 0;
		};
		53F38AB7198A8A88002BAA3F /* Resources */ = {
			isa = PBXResourcesBuildPhase;
			buildActionMask = 2147483647;
			files = (
				53F38AC5198A8A88002BAA3F /* InfoPlist.strings in Resources */,
			);
			runOnlyForDeploymentPostprocessing = 0;
		};
/* End PBXResourcesBuildPhase section */

/* Begin PBXShellScriptBuildPhase section */
		40C27A9D595849C2A06B1282 /* Copy Pods Resources */ = {
			isa = PBXShellScriptBuildPhase;
			buildActionMask = 2147483647;
			files = (
			);
			inputPaths = (
			);
			name = "Copy Pods Resources";
			outputPaths = (
			);
			runOnlyForDeploymentPostprocessing = 0;
			shellPath = /bin/sh;
			shellScript = "\"${SRCROOT}/Pods/Pods-resources.sh\"\n";
			showEnvVarsInLog = 0;
		};
		DF6B8083F6324E65A48A2516 /* Check Pods Manifest.lock */ = {
			isa = PBXShellScriptBuildPhase;
			buildActionMask = 2147483647;
			files = (
			);
			inputPaths = (
			);
			name = "Check Pods Manifest.lock";
			outputPaths = (
			);
			runOnlyForDeploymentPostprocessing = 0;
			shellPath = /bin/sh;
			shellScript = "diff \"${PODS_ROOT}/../Podfile.lock\" \"${PODS_ROOT}/Manifest.lock\" > /dev/null\nif [[ $? != 0 ]] ; then\n    cat << EOM\nerror: The sandbox is not in sync with the Podfile.lock. Run 'pod install' or update your CocoaPods installation.\nEOM\n    exit 1\nfi\n";
			showEnvVarsInLog = 0;
		};
/* End PBXShellScriptBuildPhase section */

/* Begin PBXSourcesBuildPhase section */
		53F38A9A198A8A88002BAA3F /* Sources */ = {
			isa = PBXSourcesBuildPhase;
			buildActionMask = 2147483647;
			files = (
				5367C68519954649007D9F99 /* Polygon.m in Sources */,
				536D3AF9198BDA3D00FCEED0 /* InputTextField.m in Sources */,
				533531B2198ABF920044F5F0 /* DashboardViewController.m in Sources */,
				5389CE841993994F00043984 /* NewTrackingViewController.m in Sources */,
				53F9CF3A19951C33009DBB75 /* DOFactory.m in Sources */,
				531167D9198AF47300A229FF /* AppModel.m in Sources */,
				53B2975B1999133300E9DF6F /* DecibelHUD.m in Sources */,
				53E09303198BF9E900D98618 /* Button.m in Sources */,
				53BE8D751993B1AD00DB1D26 /* TrackingViewController.m in Sources */,
				53C90790199AB51400B25885 /* LuxHUD.m in Sources */,
				536D3AEC198BB4C500FCEED0 /* LoginView.m in Sources */,
				53BE8D781993B1B800DB1D26 /* TrackingView.m in Sources */,
				539761D8199418A40073A323 /* DatabaseService.m in Sources */,
				5389CE871993995A00043984 /* NewTrackingView.m in Sources */,
				5367C68919954C18007D9F99 /* ValueLabel.m in Sources */,
				533531B5198ABFA80044F5F0 /* DashboardView.m in Sources */,
				53F38AD5198A94EC002BAA3F /* NavigationController.m in Sources */,
				53E09300198BF67200D98618 /* Label.m in Sources */,
				536D3AE8198BB4B000FCEED0 /* LoginViewController.m in Sources */,
				536D3AF5198BCEA100FCEED0 /* HelperFactory.m in Sources */,
				53F38AB2198A8A88002BAA3F /* AppDelegate.m in Sources */,
				53F38AAE198A8A88002BAA3F /* main.m in Sources */,
				53F9CF3719951B48009DBB75 /* SkirmDO.m in Sources */,
			);
			runOnlyForDeploymentPostprocessing = 0;
		};
		53F38AB5198A8A88002BAA3F /* Sources */ = {
			isa = PBXSourcesBuildPhase;
			buildActionMask = 2147483647;
			files = (
				53F38AC7198A8A88002BAA3F /* stealthtrackerTests.m in Sources */,
			);
			runOnlyForDeploymentPostprocessing = 0;
		};
/* End PBXSourcesBuildPhase section */

/* Begin PBXTargetDependency section */
		53F38ABF198A8A88002BAA3F /* PBXTargetDependency */ = {
			isa = PBXTargetDependency;
			target = 53F38A9D198A8A88002BAA3F /* stealthtracker */;
			targetProxy = 53F38ABE198A8A88002BAA3F /* PBXContainerItemProxy */;
		};
/* End PBXTargetDependency section */

/* Begin PBXVariantGroup section */
		53F38AAA198A8A88002BAA3F /* InfoPlist.strings */ = {
			isa = PBXVariantGroup;
			children = (
				53F38AAB198A8A88002BAA3F /* en */,
			);
			name = InfoPlist.strings;
			sourceTree = "<group>";
		};
		53F38AC3198A8A88002BAA3F /* InfoPlist.strings */ = {
			isa = PBXVariantGroup;
			children = (
				53F38AC4198A8A88002BAA3F /* en */,
			);
			name = InfoPlist.strings;
			sourceTree = "<group>";
		};
/* End PBXVariantGroup section */

/* Begin XCBuildConfiguration section */
		53F38AC8198A8A88002BAA3F /* Debug */ = {
			isa = XCBuildConfiguration;
			buildSettings = {
				ALWAYS_SEARCH_USER_PATHS = NO;
				CLANG_CXX_LANGUAGE_STANDARD = "gnu++0x";
				CLANG_CXX_LIBRARY = "libc++";
				CLANG_ENABLE_MODULES = YES;
				CLANG_ENABLE_OBJC_ARC = YES;
				CLANG_WARN_BOOL_CONVERSION = YES;
				CLANG_WARN_CONSTANT_CONVERSION = YES;
				CLANG_WARN_DIRECT_OBJC_ISA_USAGE = YES_ERROR;
				CLANG_WARN_EMPTY_BODY = YES;
				CLANG_WARN_ENUM_CONVERSION = YES;
				CLANG_WARN_INT_CONVERSION = YES;
				CLANG_WARN_OBJC_ROOT_CLASS = YES_ERROR;
				CLANG_WARN__DUPLICATE_METHOD_MATCH = YES;
				"CODE_SIGN_IDENTITY[sdk=iphoneos*]" = "iPhone Developer";
				COPY_PHASE_STRIP = NO;
				GCC_C_LANGUAGE_STANDARD = gnu99;
				GCC_DYNAMIC_NO_PIC = NO;
				GCC_OPTIMIZATION_LEVEL = 0;
				GCC_PREPROCESSOR_DEFINITIONS = (
					"DEBUG=1",
					"$(inherited)",
				);
				GCC_SYMBOLS_PRIVATE_EXTERN = NO;
				GCC_WARN_64_TO_32_BIT_CONVERSION = YES;
				GCC_WARN_ABOUT_RETURN_TYPE = YES_ERROR;
				GCC_WARN_UNDECLARED_SELECTOR = YES;
				GCC_WARN_UNINITIALIZED_AUTOS = YES_AGGRESSIVE;
				GCC_WARN_UNUSED_FUNCTION = YES;
				GCC_WARN_UNUSED_VARIABLE = YES;
				IPHONEOS_DEPLOYMENT_TARGET = 7.1;
				ONLY_ACTIVE_ARCH = YES;
				SDKROOT = iphoneos;
				TARGETED_DEVICE_FAMILY = "1,2";
			};
			name = Debug;
		};
		53F38AC9198A8A88002BAA3F /* Release */ = {
			isa = XCBuildConfiguration;
			buildSettings = {
				ALWAYS_SEARCH_USER_PATHS = NO;
				CLANG_CXX_LANGUAGE_STANDARD = "gnu++0x";
				CLANG_CXX_LIBRARY = "libc++";
				CLANG_ENABLE_MODULES = YES;
				CLANG_ENABLE_OBJC_ARC = YES;
				CLANG_WARN_BOOL_CONVERSION = YES;
				CLANG_WARN_CONSTANT_CONVERSION = YES;
				CLANG_WARN_DIRECT_OBJC_ISA_USAGE = YES_ERROR;
				CLANG_WARN_EMPTY_BODY = YES;
				CLANG_WARN_ENUM_CONVERSION = YES;
				CLANG_WARN_INT_CONVERSION = YES;
				CLANG_WARN_OBJC_ROOT_CLASS = YES_ERROR;
				CLANG_WARN__DUPLICATE_METHOD_MATCH = YES;
				"CODE_SIGN_IDENTITY[sdk=iphoneos*]" = "iPhone Developer";
				COPY_PHASE_STRIP = YES;
				ENABLE_NS_ASSERTIONS = NO;
				GCC_C_LANGUAGE_STANDARD = gnu99;
				GCC_WARN_64_TO_32_BIT_CONVERSION = YES;
				GCC_WARN_ABOUT_RETURN_TYPE = YES_ERROR;
				GCC_WARN_UNDECLARED_SELECTOR = YES;
				GCC_WARN_UNINITIALIZED_AUTOS = YES_AGGRESSIVE;
				GCC_WARN_UNUSED_FUNCTION = YES;
				GCC_WARN_UNUSED_VARIABLE = YES;
				IPHONEOS_DEPLOYMENT_TARGET = 7.1;
				SDKROOT = iphoneos;
				TARGETED_DEVICE_FAMILY = "1,2";
				VALIDATE_PRODUCT = YES;
			};
			name = Release;
		};
		53F38ACB198A8A88002BAA3F /* Debug */ = {
			isa = XCBuildConfiguration;
			baseConfigurationReference = 0A421B7E88DF47D7A4308232 /* Pods.xcconfig */;
			buildSettings = {
				ALWAYS_SEARCH_USER_PATHS = YES;
				ASSETCATALOG_COMPILER_APPICON_NAME = AppIcon;
				ASSETCATALOG_COMPILER_LAUNCHIMAGE_NAME = LaunchImage;
				CODE_SIGN_IDENTITY = "iPhone Developer";
				"CODE_SIGN_IDENTITY[sdk=iphoneos*]" = "iPhone Developer";
				GCC_PRECOMPILE_PREFIX_HEADER = YES;
				GCC_PREFIX_HEADER = "stealthtracker/stealthtracker-Prefix.pch";
				INFOPLIST_FILE = "stealthtracker/stealthtracker-Info.plist";
				PRODUCT_NAME = "$(TARGET_NAME)";
				PROVISIONING_PROFILE = "";
				USER_HEADER_SEARCH_PATHS = /Users/mathlambrecht/Documents/stealthtracker/Headers;
				WRAPPER_EXTENSION = app;
			};
			name = Debug;
		};
		53F38ACC198A8A88002BAA3F /* Release */ = {
			isa = XCBuildConfiguration;
			baseConfigurationReference = 0A421B7E88DF47D7A4308232 /* Pods.xcconfig */;
			buildSettings = {
				ALWAYS_SEARCH_USER_PATHS = YES;
				ASSETCATALOG_COMPILER_APPICON_NAME = AppIcon;
				ASSETCATALOG_COMPILER_LAUNCHIMAGE_NAME = LaunchImage;
				CODE_SIGN_IDENTITY = "iPhone Developer";
				"CODE_SIGN_IDENTITY[sdk=iphoneos*]" = "iPhone Developer";
				GCC_PRECOMPILE_PREFIX_HEADER = YES;
				GCC_PREFIX_HEADER = "stealthtracker/stealthtracker-Prefix.pch";
				INFOPLIST_FILE = "stealthtracker/stealthtracker-Info.plist";
				PRODUCT_NAME = "$(TARGET_NAME)";
				PROVISIONING_PROFILE = "";
				USER_HEADER_SEARCH_PATHS = /Users/mathlambrecht/Documents/stealthtracker/Headers;
				WRAPPER_EXTENSION = app;
			};
			name = Release;
		};
		53F38ACE198A8A88002BAA3F /* Debug */ = {
			isa = XCBuildConfiguration;
			buildSettings = {
				BUNDLE_LOADER = "$(BUILT_PRODUCTS_DIR)/stealthtracker.app/stealthtracker";
				FRAMEWORK_SEARCH_PATHS = (
					"$(SDKROOT)/Developer/Library/Frameworks",
					"$(inherited)",
					"$(DEVELOPER_FRAMEWORKS_DIR)",
				);
				GCC_PRECOMPILE_PREFIX_HEADER = YES;
				GCC_PREFIX_HEADER = "stealthtracker/stealthtracker-Prefix.pch";
				GCC_PREPROCESSOR_DEFINITIONS = (
					"DEBUG=1",
					"$(inherited)",
				);
				INFOPLIST_FILE = "stealthtrackerTests/stealthtrackerTests-Info.plist";
				PRODUCT_NAME = "$(TARGET_NAME)";
				TEST_HOST = "$(BUNDLE_LOADER)";
				WRAPPER_EXTENSION = xctest;
			};
			name = Debug;
		};
		53F38ACF198A8A88002BAA3F /* Release */ = {
			isa = XCBuildConfiguration;
			buildSettings = {
				BUNDLE_LOADER = "$(BUILT_PRODUCTS_DIR)/stealthtracker.app/stealthtracker";
				FRAMEWORK_SEARCH_PATHS = (
					"$(SDKROOT)/Developer/Library/Frameworks",
					"$(inherited)",
					"$(DEVELOPER_FRAMEWORKS_DIR)",
				);
				GCC_PRECOMPILE_PREFIX_HEADER = YES;
				GCC_PREFIX_HEADER = "stealthtracker/stealthtracker-Prefix.pch";
				INFOPLIST_FILE = "stealthtrackerTests/stealthtrackerTests-Info.plist";
				PRODUCT_NAME = "$(TARGET_NAME)";
				TEST_HOST = "$(BUNDLE_LOADER)";
				WRAPPER_EXTENSION = xctest;
			};
			name = Release;
		};
/* End XCBuildConfiguration section */

/* Begin XCConfigurationList section */
		53F38A99198A8A88002BAA3F /* Build configuration list for PBXProject "stealthtracker" */ = {
			isa = XCConfigurationList;
			buildConfigurations = (
				53F38AC8198A8A88002BAA3F /* Debug */,
				53F38AC9198A8A88002BAA3F /* Release */,
			);
			defaultConfigurationIsVisible = 0;
			defaultConfigurationName = Release;
		};
		53F38ACA198A8A88002BAA3F /* Build configuration list for PBXNativeTarget "stealthtracker" */ = {
			isa = XCConfigurationList;
			buildConfigurations = (
				53F38ACB198A8A88002BAA3F /* Debug */,
				53F38ACC198A8A88002BAA3F /* Release */,
			);
			defaultConfigurationIsVisible = 0;
			defaultConfigurationName = Release;
		};
		53F38ACD198A8A88002BAA3F /* Build configuration list for PBXNativeTarget "stealthtrackerTests" */ = {
			isa = XCConfigurationList;
			buildConfigurations = (
				53F38ACE198A8A88002BAA3F /* Debug */,
				53F38ACF198A8A88002BAA3F /* Release */,
			);
			defaultConfigurationIsVisible = 0;
			defaultConfigurationName = Release;
		};
/* End XCConfigurationList section */
	};
	rootObject = 53F38A96198A8A88002BAA3F /* Project object */;
}
